
Microsoft Visual Studio Solution File, Format Version 12.00
# Visual Studio Version 17
VisualStudioVersion = 17.0.31903.59
MinimumVisualStudioVersion = 10.0.40219.1
Project("{FAE04EC0-301F-11D3-BF4B-00C04F79EFBC}") = "Exe06a", "Exe06a\Exe06a.csproj", "{4882043D-8A4D-4B81-ABEF-75B381E213B1}"
EndProject
Project("{FAE04EC0-301F-11D3-BF4B-00C04F79EFBC}") = "Exe06b", "Exe06b\Exe06b.csproj", "{15377598-747E-4A53-B6A7-46B0AEB49C7B}"
EndProject
Global
	GlobalSection(SolutionConfigurationPlatforms) = preSolution
		Debug|Any CPU = Debug|Any CPU
		Release|Any CPU = Release|Any CPU
	EndGlobalSection
	GlobalSection(SolutionProperties) = preSolution
		HideSolutionNode = FALSE
	EndGlobalSection
	GlobalSection(ProjectConfigurationPlatforms) = postSolution
		{4882043D-8A4D-4B81-ABEF-75B381E213B1}.Debug|Any CPU.ActiveCfg = Debug|Any CPU
		{4882043D-8A4D-4B81-ABEF-75B381E213B1}.Debug|Any CPU.Build.0 = Debug|Any CPU
		{4882043D-8A4D-4B81-ABEF-75B381E213B1}.Release|Any CPU.ActiveCfg = Release|Any CPU
		{4882043D-8A4D-4B81-ABEF-75B381E213B1}.Release|Any CPU.Build.0 = Release|Any CPU
		{15377598-747E-4A53-B6A7-46B0AEB49C7B}.Debug|Any CPU.ActiveCfg = Debug|Any CPU
		{15377598-747E-4A53-B6A7-46B0AEB49C7B}.Debug|Any CPU.Build.0 = Debug|Any CPU
		{15377598-747E-4A53-B6A7-46B0AEB49C7B}.Release|Any CPU.ActiveCfg = Release|Any CPU
		{15377598-747E-4A53-B6A7-46B0AEB49C7B}.Release|Any CPU.Build.0 = Release|Any CPU
	EndGlobalSection
EndGlobal
